
Microsoft Visual Studio Solution File, Format Version 12.00
# Visual Studio Version 16
VisualStudioVersion = 16.0.30413.136
MinimumVisualStudioVersion = 10.0.40219.1
Project("{FAE04EC0-301F-11D3-BF4B-00C04F79EFBC}") = "ComplexMvvmDemo", "ComplexMvvmDemo.csproj", "{7DFE81BE-20AB-4FDD-8505-A3FED4F8AFAF}"
EndProject
Global
	GlobalSection(SolutionConfigurationPlatforms) = preSolution
		Debug|Any CPU = Debug|Any CPU
		Release|Any CPU = Release|Any CPU
	EndGlobalSection
	GlobalSection(ProjectConfigurationPlatforms) = postSolution
		{7DFE81BE-20AB-4FDD-8505-A3FED4F8AFAF}.Debug|Any CPU.ActiveCfg = Debug|Any CPU
		{7DFE81BE-20AB-4FDD-8505-A3FED4F8AFAF}.Debug|Any CPU.Build.0 = Debug|Any CPU
		{7DFE81BE-20AB-4FDD-8505-A3FED4F8AFAF}.Release|Any CPU.ActiveCfg = Release|Any CPU
		{7DFE81BE-20AB-4FDD-8505-A3FED4F8AFAF}.Release|Any CPU.Build.0 = Release|Any CPU
	EndGlobalSection
	GlobalSection(SolutionProperties) = preSolution
		HideSolutionNode = FALSE
	EndGlobalSection
	GlobalSection(ExtensibilityGlobals) = postSolution
		SolutionGuid = {8878670D-E5B7-429B-8E11-06CBD228CAA5}
	EndGlobalSection
EndGlobal
